
Microsoft Visual Studio Solution File, Format Version 12.00
# Visual Studio Version 16
VisualStudioVersion = 16.0.32002.261
MinimumVisualStudioVersion = 10.0.40219.1
Project("{FAE04EC0-301F-11D3-BF4B-00C04F79EFBC}") = "StartupFA", "StartupFA\StartupFA.csproj", "{FA4BAFB5-8663-4F4D-B65E-B641C17DE8B2}"
EndProject
Global
	GlobalSection(SolutionConfigurationPlatforms) = preSolution
		Debug|Any CPU = Debug|Any CPU
		Release|Any CPU = Release|Any CPU
	EndGlobalSection
	GlobalSection(ProjectConfigurationPlatforms) = postSolution
		{FA4BAFB5-8663-4F4D-B65E-B641C17DE8B2}.Debug|Any CPU.ActiveCfg = Debug|Any CPU
		{FA4BAFB5-8663-4F4D-B65E-B641C17DE8B2}.Debug|Any CPU.Build.0 = Debug|Any CPU
		{FA4BAFB5-8663-4F4D-B65E-B641C17DE8B2}.Release|Any CPU.ActiveCfg = Release|Any CPU
		{FA4BAFB5-8663-4F4D-B65E-B641C17DE8B2}.Release|Any CPU.Build.0 = Release|Any CPU
	EndGlobalSection
	GlobalSection(SolutionProperties) = preSolution
		HideSolutionNode = FALSE
	EndGlobalSection
	GlobalSection(ExtensibilityGlobals) = postSolution
		SolutionGuid = {AD7F2750-2A0C-4783-93DC-295F6F913A72}
	EndGlobalSection
EndGlobal
